
Microsoft Visual Studio Solution File, Format Version 12.00
# Visual Studio 2013
VisualStudioVersion = 12.0.30723.0
MinimumVisualStudioVersion = 10.0.40219.1
Project("{FAE04EC0-301F-11D3-BF4B-00C04F79EFBC}") = "Checkers", "WcfService1\Checkers.csproj", "{C313980A-810B-46B2-B602-D12D66C3AEED}"
EndProject
Global
	GlobalSection(SolutionConfigurationPlatforms) = preSolution
		Debug|Any CPU = Debug|Any CPU
		Release|Any CPU = Release|Any CPU
	EndGlobalSection
	GlobalSection(ProjectConfigurationPlatforms) = postSolution
		{C313980A-810B-46B2-B602-D12D66C3AEED}.Debug|Any CPU.ActiveCfg = Debug|Any CPU
		{C313980A-810B-46B2-B602-D12D66C3AEED}.Debug|Any CPU.Build.0 = Debug|Any CPU
		{C313980A-810B-46B2-B602-D12D66C3AEED}.Release|Any CPU.ActiveCfg = Release|Any CPU
		{C313980A-810B-46B2-B602-D12D66C3AEED}.Release|Any CPU.Build.0 = Release|Any CPU
	EndGlobalSection
	GlobalSection(SolutionProperties) = preSolution
		HideSolutionNode = FALSE
	EndGlobalSection
EndGlobal
